
Microsoft Visual Studio Solution File, Format Version 12.00
# Visual Studio Version 17
VisualStudioVersion = 17.3.32922.545
MinimumVisualStudioVersion = 10.0.40219.1
Project("{FAE04EC0-301F-11D3-BF4B-00C04F79EFBC}") = "Tema3Ejercicio1", "Tema3Ejercicio1.csproj", "{9B374462-938A-41BD-86DD-085AF234F0B0}"
EndProject
Global
	GlobalSection(SolutionConfigurationPlatforms) = preSolution
		Debug|Any CPU = Debug|Any CPU
		Release|Any CPU = Release|Any CPU
	EndGlobalSection
	GlobalSection(ProjectConfigurationPlatforms) = postSolution
		{9B374462-938A-41BD-86DD-085AF234F0B0}.Debug|Any CPU.ActiveCfg = Debug|Any CPU
		{9B374462-938A-41BD-86DD-085AF234F0B0}.Debug|Any CPU.Build.0 = Debug|Any CPU
		{9B374462-938A-41BD-86DD-085AF234F0B0}.Release|Any CPU.ActiveCfg = Release|Any CPU
		{9B374462-938A-41BD-86DD-085AF234F0B0}.Release|Any CPU.Build.0 = Release|Any CPU
	EndGlobalSection
	GlobalSection(SolutionProperties) = preSolution
		HideSolutionNode = FALSE
	EndGlobalSection
	GlobalSection(ExtensibilityGlobals) = postSolution
		SolutionGuid = {9BB8B63E-3CDB-4FBC-BA24-2A0C3A8FB93A}
	EndGlobalSection
EndGlobal
